
Microsoft Visual Studio Solution File, Format Version 12.00
# Visual Studio 15
VisualStudioVersion = 15.0.28307.102
MinimumVisualStudioVersion = 10.0.40219.1
Project("{9A19103F-16F7-4668-BE54-9A1E7A4F7556}") = "Core22SwaggerWebApp", "Core22SwaggerWebApp\Core22SwaggerWebApp.csproj", "{24F2F5E1-495D-4D9F-B6C6-43090819B285}"
EndProject
Project("{9A19103F-16F7-4668-BE54-9A1E7A4F7556}") = "Core22SwaggerWebApp.UnitTest", "Core22SwaggerWebApp.UnitTest\Core22SwaggerWebApp.UnitTest.csproj", "{9CFBF02E-A7B4-4061-845F-656BDC4554B6}"
EndProject
Project("{2150E333-8FDC-42A3-9474-1A3956D46DE8}") = "Solution Items", "Solution Items", "{E9B3A3E6-8D72-463D-9AD9-5F3158DE8C02}"
	ProjectSection(SolutionItems) = preProject
		MyRuleSet.ruleset = MyRuleSet.ruleset
	EndProjectSection
EndProject
Global
	GlobalSection(SolutionConfigurationPlatforms) = preSolution
		Debug|Any CPU = Debug|Any CPU
		Release|Any CPU = Release|Any CPU
	EndGlobalSection
	GlobalSection(ProjectConfigurationPlatforms) = postSolution
		{24F2F5E1-495D-4D9F-B6C6-43090819B285}.Debug|Any CPU.ActiveCfg = Debug|Any CPU
		{24F2F5E1-495D-4D9F-B6C6-43090819B285}.Debug|Any CPU.Build.0 = Debug|Any CPU
		{24F2F5E1-495D-4D9F-B6C6-43090819B285}.Release|Any CPU.ActiveCfg = Release|Any CPU
		{24F2F5E1-495D-4D9F-B6C6-43090819B285}.Release|Any CPU.Build.0 = Release|Any CPU
		{9CFBF02E-A7B4-4061-845F-656BDC4554B6}.Debug|Any CPU.ActiveCfg = Debug|Any CPU
		{9CFBF02E-A7B4-4061-845F-656BDC4554B6}.Debug|Any CPU.Build.0 = Debug|Any CPU
		{9CFBF02E-A7B4-4061-845F-656BDC4554B6}.Release|Any CPU.ActiveCfg = Release|Any CPU
		{9CFBF02E-A7B4-4061-845F-656BDC4554B6}.Release|Any CPU.Build.0 = Release|Any CPU
	EndGlobalSection
	GlobalSection(SolutionProperties) = preSolution
		HideSolutionNode = FALSE
	EndGlobalSection
	GlobalSection(ExtensibilityGlobals) = postSolution
		SolutionGuid = {0BBEAB05-05B2-4E5B-941A-1D05A62FD609}
	EndGlobalSection
EndGlobal
